
Microsoft Visual Studio Solution File, Format Version 12.00
# Visual Studio Version 17
VisualStudioVersion = 17.11.35222.181
MinimumVisualStudioVersion = 10.0.40219.1
Project("{9A19103F-16F7-4668-BE54-9A1E7A4F7556}") = "Client", "Client.csproj", "{97C9F434-61C9-4CB5-97D1-E23C548401AE}"
EndProject
Project("{9A19103F-16F7-4668-BE54-9A1E7A4F7556}") = "Server", "..\Tcp private Server\Server.csproj", "{E4E8CC81-314C-46BD-A690-48E7A37B2224}"
EndProject
Global
	GlobalSection(SolutionConfigurationPlatforms) = preSolution
		Debug|Any CPU = Debug|Any CPU
		Release|Any CPU = Release|Any CPU
	EndGlobalSection
	GlobalSection(ProjectConfigurationPlatforms) = postSolution
		{97C9F434-61C9-4CB5-97D1-E23C548401AE}.Debug|Any CPU.ActiveCfg = Debug|Any CPU
		{97C9F434-61C9-4CB5-97D1-E23C548401AE}.Debug|Any CPU.Build.0 = Debug|Any CPU
		{97C9F434-61C9-4CB5-97D1-E23C548401AE}.Release|Any CPU.ActiveCfg = Release|Any CPU
		{97C9F434-61C9-4CB5-97D1-E23C548401AE}.Release|Any CPU.Build.0 = Release|Any CPU
		{E4E8CC81-314C-46BD-A690-48E7A37B2224}.Debug|Any CPU.ActiveCfg = Debug|Any CPU
		{E4E8CC81-314C-46BD-A690-48E7A37B2224}.Debug|Any CPU.Build.0 = Debug|Any CPU
		{E4E8CC81-314C-46BD-A690-48E7A37B2224}.Release|Any CPU.ActiveCfg = Release|Any CPU
		{E4E8CC81-314C-46BD-A690-48E7A37B2224}.Release|Any CPU.Build.0 = Release|Any CPU
	EndGlobalSection
	GlobalSection(SolutionProperties) = preSolution
		HideSolutionNode = FALSE
	EndGlobalSection
	GlobalSection(ExtensibilityGlobals) = postSolution
		SolutionGuid = {B22C2CC5-6D60-4991-AA6E-EFED14440262}
	EndGlobalSection
EndGlobal
